
Microsoft Visual Studio Solution File, Format Version 12.00
# Visual Studio 15
VisualStudioVersion = 15.0.26124.0
MinimumVisualStudioVersion = 15.0.26124.0
Project("{FAE04EC0-301F-11D3-BF4B-00C04F79EFBC}") = "R5T.Tools.Dotnet.Types.Construction", "R5T.Tools.Dotnet.Types.Construction\R5T.Tools.Dotnet.Types.Construction.csproj", "{77A32F21-EC9C-4B25-94D1-226B56341DED}"
EndProject
Project("{FAE04EC0-301F-11D3-BF4B-00C04F79EFBC}") = "R5T.Tools.Dotnet.Types", "R5T.Tools.Dotnet.Types\R5T.Tools.Dotnet.Types.csproj", "{CFB15193-51A3-490D-A80E-E588789136B8}"
EndProject
Project("{FAE04EC0-301F-11D3-BF4B-00C04F79EFBC}") = "R5T.Tools.Dotnet.Types.Testing", "R5T.Tools.Dotnet.Types.Testing\R5T.Tools.Dotnet.Types.Testing.csproj", "{88C1EC6D-48C1-499C-8BAC-29BA5253BE63}"
EndProject
Global
	GlobalSection(SolutionConfigurationPlatforms) = preSolution
		Debug|Any CPU = Debug|Any CPU
		Debug|x64 = Debug|x64
		Debug|x86 = Debug|x86
		Release|Any CPU = Release|Any CPU
		Release|x64 = Release|x64
		Release|x86 = Release|x86
	EndGlobalSection
	GlobalSection(SolutionProperties) = preSolution
		HideSolutionNode = FALSE
	EndGlobalSection
	GlobalSection(ProjectConfigurationPlatforms) = postSolution
		{77A32F21-EC9C-4B25-94D1-226B56341DED}.Debug|Any CPU.ActiveCfg = Debug|Any CPU
		{77A32F21-EC9C-4B25-94D1-226B56341DED}.Debug|Any CPU.Build.0 = Debug|Any CPU
		{77A32F21-EC9C-4B25-94D1-226B56341DED}.Debug|x64.ActiveCfg = Debug|Any CPU
		{77A32F21-EC9C-4B25-94D1-226B56341DED}.Debug|x64.Build.0 = Debug|Any CPU
		{77A32F21-EC9C-4B25-94D1-226B56341DED}.Debug|x86.ActiveCfg = Debug|Any CPU
		{77A32F21-EC9C-4B25-94D1-226B56341DED}.Debug|x86.Build.0 = Debug|Any CPU
		{77A32F21-EC9C-4B25-94D1-226B56341DED}.Release|Any CPU.ActiveCfg = Release|Any CPU
		{77A32F21-EC9C-4B25-94D1-226B56341DED}.Release|Any CPU.Build.0 = Release|Any CPU
		{77A32F21-EC9C-4B25-94D1-226B56341DED}.Release|x64.ActiveCfg = Release|Any CPU
		{77A32F21-EC9C-4B25-94D1-226B56341DED}.Release|x64.Build.0 = Release|Any CPU
		{77A32F21-EC9C-4B25-94D1-226B56341DED}.Release|x86.ActiveCfg = Release|Any CPU
		{77A32F21-EC9C-4B25-94D1-226B56341DED}.Release|x86.Build.0 = Release|Any CPU
		{CFB15193-51A3-490D-A80E-E588789136B8}.Debug|Any CPU.ActiveCfg = Debug|Any CPU
		{CFB15193-51A3-490D-A80E-E588789136B8}.Debug|Any CPU.Build.0 = Debug|Any CPU
		{CFB15193-51A3-490D-A80E-E588789136B8}.Debug|x64.ActiveCfg = Debug|Any CPU
		{CFB15193-51A3-490D-A80E-E588789136B8}.Debug|x64.Build.0 = Debug|Any CPU
		{CFB15193-51A3-490D-A80E-E588789136B8}.Debug|x86.ActiveCfg = Debug|Any CPU
		{CFB15193-51A3-490D-A80E-E588789136B8}.Debug|x86.Build.0 = Debug|Any CPU
		{CFB15193-51A3-490D-A80E-E588789136B8}.Release|Any CPU.ActiveCfg = Release|Any CPU
		{CFB15193-51A3-490D-A80E-E588789136B8}.Release|Any CPU.Build.0 = Release|Any CPU
		{CFB15193-51A3-490D-A80E-E588789136B8}.Release|x64.ActiveCfg = Release|Any CPU
		{CFB15193-51A3-490D-A80E-E588789136B8}.Release|x64.Build.0 = Release|Any CPU
		{CFB15193-51A3-490D-A80E-E588789136B8}.Release|x86.ActiveCfg = Release|Any CPU
		{CFB15193-51A3-490D-A80E-E588789136B8}.Release|x86.Build.0 = Release|Any CPU
		{88C1EC6D-48C1-499C-8BAC-29BA5253BE63}.Debug|Any CPU.ActiveCfg = Debug|Any CPU
		{88C1EC6D-48C1-499C-8BAC-29BA5253BE63}.Debug|Any CPU.Build.0 = Debug|Any CPU
		{88C1EC6D-48C1-499C-8BAC-29BA5253BE63}.Debug|x64.ActiveCfg = Debug|Any CPU
		{88C1EC6D-48C1-499C-8BAC-29BA5253BE63}.Debug|x64.Build.0 = Debug|Any CPU
		{88C1EC6D-48C1-499C-8BAC-29BA5253BE63}.Debug|x86.ActiveCfg = Debug|Any CPU
		{88C1EC6D-48C1-499C-8BAC-29BA5253BE63}.Debug|x86.Build.0 = Debug|Any CPU
		{88C1EC6D-48C1-499C-8BAC-29BA5253BE63}.Release|Any CPU.ActiveCfg = Release|Any CPU
		{88C1EC6D-48C1-499C-8BAC-29BA5253BE63}.Release|Any CPU.Build.0 = Release|Any CPU
		{88C1EC6D-48C1-499C-8BAC-29BA5253BE63}.Release|x64.ActiveCfg = Release|Any CPU
		{88C1EC6D-48C1-499C-8BAC-29BA5253BE63}.Release|x64.Build.0 = Release|Any CPU
		{88C1EC6D-48C1-499C-8BAC-29BA5253BE63}.Release|x86.ActiveCfg = Release|Any CPU
		{88C1EC6D-48C1-499C-8BAC-29BA5253BE63}.Release|x86.Build.0 = Release|Any CPU
	EndGlobalSection
EndGlobal
